
Microsoft Visual Studio Solution File, Format Version 12.00
# Visual Studio Version 16
VisualStudioVersion = 16.0.29411.108
MinimumVisualStudioVersion = 10.0.40219.1
Project("{9A19103F-16F7-4668-BE54-9A1E7A4F7556}") = "Seneca.Azure.Function.Examples.EventHubTrigger", "src\Seneca.Azure.Function.Examples.EventHubTrigger\Seneca.Azure.Function.Examples.EventHubTrigger.csproj", "{4E445DB8-2CA3-4ABC-A038-2EEF7FBD87A9}"
EndProject
Project("{FAE04EC0-301F-11D3-BF4B-00C04F79EFBC}") = "Seneca.Azure.Function.Examples.HttpTrigger", "src\Seneca.Azure.Function.Examples.HttpTrigger\Seneca.Azure.Function.Examples.HttpTrigger.csproj", "{3052A19F-BCFA-4EB5-903A-538605F638A4}"
EndProject
Project("{FAE04EC0-301F-11D3-BF4B-00C04F79EFBC}") = "Seneca.Azure.Function.Examples.TimeTrigger", "src\Seneca.Azure.Function.Examples.TimeTrigger\Seneca.Azure.Function.Examples.TimeTrigger.csproj", "{3172C644-2688-48A6-9637-D82DD7D66766}"
EndProject
Global
	GlobalSection(SolutionConfigurationPlatforms) = preSolution
		Debug|Any CPU = Debug|Any CPU
		Release|Any CPU = Release|Any CPU
	EndGlobalSection
	GlobalSection(ProjectConfigurationPlatforms) = postSolution
		{4E445DB8-2CA3-4ABC-A038-2EEF7FBD87A9}.Debug|Any CPU.ActiveCfg = Debug|Any CPU
		{4E445DB8-2CA3-4ABC-A038-2EEF7FBD87A9}.Debug|Any CPU.Build.0 = Debug|Any CPU
		{4E445DB8-2CA3-4ABC-A038-2EEF7FBD87A9}.Release|Any CPU.ActiveCfg = Release|Any CPU
		{4E445DB8-2CA3-4ABC-A038-2EEF7FBD87A9}.Release|Any CPU.Build.0 = Release|Any CPU
		{3052A19F-BCFA-4EB5-903A-538605F638A4}.Debug|Any CPU.ActiveCfg = Debug|Any CPU
		{3052A19F-BCFA-4EB5-903A-538605F638A4}.Debug|Any CPU.Build.0 = Debug|Any CPU
		{3052A19F-BCFA-4EB5-903A-538605F638A4}.Release|Any CPU.ActiveCfg = Release|Any CPU
		{3052A19F-BCFA-4EB5-903A-538605F638A4}.Release|Any CPU.Build.0 = Release|Any CPU
		{3172C644-2688-48A6-9637-D82DD7D66766}.Debug|Any CPU.ActiveCfg = Debug|Any CPU
		{3172C644-2688-48A6-9637-D82DD7D66766}.Debug|Any CPU.Build.0 = Debug|Any CPU
		{3172C644-2688-48A6-9637-D82DD7D66766}.Release|Any CPU.ActiveCfg = Release|Any CPU
		{3172C644-2688-48A6-9637-D82DD7D66766}.Release|Any CPU.Build.0 = Release|Any CPU
	EndGlobalSection
	GlobalSection(SolutionProperties) = preSolution
		HideSolutionNode = FALSE
	EndGlobalSection
	GlobalSection(ExtensibilityGlobals) = postSolution
		SolutionGuid = {B734C6E0-2751-4EFD-A958-D00990E10FAF}
	EndGlobalSection
EndGlobal
